
Microsoft Visual Studio Solution File, Format Version 12.00
# Visual Studio 15
VisualStudioVersion = 15.0.28307.329
MinimumVisualStudioVersion = 10.0.40219.1
Project("{FAE04EC0-301F-11D3-BF4B-00C04F79EFBC}") = "PhimmoiGetlink", "PhimmoiGetlink\PhimmoiGetlink.csproj", "{B2E52D56-D3A0-4E0E-B4E8-673DC9D46635}"
EndProject
Global
	GlobalSection(SolutionConfigurationPlatforms) = preSolution
		Debug|Any CPU = Debug|Any CPU
		Release|Any CPU = Release|Any CPU
	EndGlobalSection
	GlobalSection(ProjectConfigurationPlatforms) = postSolution
		{B2E52D56-D3A0-4E0E-B4E8-673DC9D46635}.Debug|Any CPU.ActiveCfg = Debug|Any CPU
		{B2E52D56-D3A0-4E0E-B4E8-673DC9D46635}.Debug|Any CPU.Build.0 = Debug|Any CPU
		{B2E52D56-D3A0-4E0E-B4E8-673DC9D46635}.Release|Any CPU.ActiveCfg = Release|Any CPU
		{B2E52D56-D3A0-4E0E-B4E8-673DC9D46635}.Release|Any CPU.Build.0 = Release|Any CPU
	EndGlobalSection
	GlobalSection(SolutionProperties) = preSolution
		HideSolutionNode = FALSE
	EndGlobalSection
	GlobalSection(ExtensibilityGlobals) = postSolution
		SolutionGuid = {7D1D39AE-27D2-40A8-9C9C-17BFD9425ACB}
	EndGlobalSection
EndGlobal
